
Microsoft Visual Studio Solution File, Format Version 12.00
# Visual Studio Version 17
VisualStudioVersion = 17.14.36518.9
MinimumVisualStudioVersion = 10.0.40219.1
Project("{FAE04EC0-301F-11D3-BF4B-00C04F79EFBC}") = "Bai01", "Bai01\Bai01.csproj", "{8CA9F9F3-3AB2-4B0B-A74C-EB380FD699BE}"
EndProject
Project("{FAE04EC0-301F-11D3-BF4B-00C04F79EFBC}") = "Bai02", "Bai02\Bai02.csproj", "{882A7CC2-AF77-4CA4-A768-71E3C15E11B3}"
EndProject
Global
	GlobalSection(SolutionConfigurationPlatforms) = preSolution
		Debug|Any CPU = Debug|Any CPU
		Release|Any CPU = Release|Any CPU
	EndGlobalSection
	GlobalSection(ProjectConfigurationPlatforms) = postSolution
		{8CA9F9F3-3AB2-4B0B-A74C-EB380FD699BE}.Debug|Any CPU.ActiveCfg = Debug|Any CPU
		{8CA9F9F3-3AB2-4B0B-A74C-EB380FD699BE}.Debug|Any CPU.Build.0 = Debug|Any CPU
		{8CA9F9F3-3AB2-4B0B-A74C-EB380FD699BE}.Release|Any CPU.ActiveCfg = Release|Any CPU
		{8CA9F9F3-3AB2-4B0B-A74C-EB380FD699BE}.Release|Any CPU.Build.0 = Release|Any CPU
		{882A7CC2-AF77-4CA4-A768-71E3C15E11B3}.Debug|Any CPU.ActiveCfg = Debug|Any CPU
		{882A7CC2-AF77-4CA4-A768-71E3C15E11B3}.Debug|Any CPU.Build.0 = Debug|Any CPU
		{882A7CC2-AF77-4CA4-A768-71E3C15E11B3}.Release|Any CPU.ActiveCfg = Release|Any CPU
		{882A7CC2-AF77-4CA4-A768-71E3C15E11B3}.Release|Any CPU.Build.0 = Release|Any CPU
	EndGlobalSection
	GlobalSection(SolutionProperties) = preSolution
		HideSolutionNode = FALSE
	EndGlobalSection
	GlobalSection(ExtensibilityGlobals) = postSolution
		SolutionGuid = {0C1E2975-2B65-46A5-8353-5043F0E89D47}
	EndGlobalSection
EndGlobal
