
Microsoft Visual Studio Solution File, Format Version 12.00
# Visual Studio Version 17
VisualStudioVersion = 17.14.36518.9 d17.14
MinimumVisualStudioVersion = 10.0.40219.1
Project("{FAE04EC0-301F-11D3-BF4B-00C04F79EFBC}") = "Lab02-Bai3", "Lab02-Bai3\Lab02-Bai3.csproj", "{26D9C4D8-917E-4FA5-B95A-54B0FED47FAF}"
EndProject
Global
	GlobalSection(SolutionConfigurationPlatforms) = preSolution
		Debug|Any CPU = Debug|Any CPU
		Release|Any CPU = Release|Any CPU
	EndGlobalSection
	GlobalSection(ProjectConfigurationPlatforms) = postSolution
		{26D9C4D8-917E-4FA5-B95A-54B0FED47FAF}.Debug|Any CPU.ActiveCfg = Debug|Any CPU
		{26D9C4D8-917E-4FA5-B95A-54B0FED47FAF}.Debug|Any CPU.Build.0 = Debug|Any CPU
		{26D9C4D8-917E-4FA5-B95A-54B0FED47FAF}.Release|Any CPU.ActiveCfg = Release|Any CPU
		{26D9C4D8-917E-4FA5-B95A-54B0FED47FAF}.Release|Any CPU.Build.0 = Release|Any CPU
	EndGlobalSection
	GlobalSection(SolutionProperties) = preSolution
		HideSolutionNode = FALSE
	EndGlobalSection
	GlobalSection(ExtensibilityGlobals) = postSolution
		SolutionGuid = {6E298B61-F0BA-4843-BEE3-3E8548690381}
	EndGlobalSection
EndGlobal
